
Microsoft Visual Studio Solution File, Format Version 12.00
# Visual Studio Version 17
VisualStudioVersion = 17.6.33815.320
MinimumVisualStudioVersion = 10.0.40219.1
Project("{FAE04EC0-301F-11D3-BF4B-00C04F79EFBC}") = "RegEx", "RegEx.csproj", "{3AF76291-C4B7-40E9-8C90-D49AC4215F6C}"
EndProject
Global
	GlobalSection(SolutionConfigurationPlatforms) = preSolution
		Debug|Any CPU = Debug|Any CPU
		Release|Any CPU = Release|Any CPU
	EndGlobalSection
	GlobalSection(ProjectConfigurationPlatforms) = postSolution
		{3AF76291-C4B7-40E9-8C90-D49AC4215F6C}.Debug|Any CPU.ActiveCfg = Debug|Any CPU
		{3AF76291-C4B7-40E9-8C90-D49AC4215F6C}.Debug|Any CPU.Build.0 = Debug|Any CPU
		{3AF76291-C4B7-40E9-8C90-D49AC4215F6C}.Release|Any CPU.ActiveCfg = Release|Any CPU
		{3AF76291-C4B7-40E9-8C90-D49AC4215F6C}.Release|Any CPU.Build.0 = Release|Any CPU
	EndGlobalSection
	GlobalSection(SolutionProperties) = preSolution
		HideSolutionNode = FALSE
	EndGlobalSection
	GlobalSection(ExtensibilityGlobals) = postSolution
		SolutionGuid = {1A26EF00-E040-494B-B453-AFB15DCC7461}
	EndGlobalSection
EndGlobal
